
Microsoft Visual Studio Solution File, Format Version 12.00
# Visual Studio 15
VisualStudioVersion = 15.0.28307.1259
MinimumVisualStudioVersion = 10.0.40219.1
Project("{FAE04EC0-301F-11D3-BF4B-00C04F79EFBC}") = "OdeToFood.Web", "OdeToFood.Web\OdeToFood.Web.csproj", "{F5C23A88-5517-49C3-9CFD-1A0C17648A66}"
EndProject
Project("{FAE04EC0-301F-11D3-BF4B-00C04F79EFBC}") = "OdeToFood.Web.Tests", "OdeToFood.Web.Tests\OdeToFood.Web.Tests.csproj", "{7AE15C8C-7D15-44BD-8C2E-5C7121B6D45F}"
EndProject
Global
	GlobalSection(SolutionConfigurationPlatforms) = preSolution
		Debug|Any CPU = Debug|Any CPU
		Release|Any CPU = Release|Any CPU
	EndGlobalSection
	GlobalSection(ProjectConfigurationPlatforms) = postSolution
		{F5C23A88-5517-49C3-9CFD-1A0C17648A66}.Debug|Any CPU.ActiveCfg = Debug|Any CPU
		{F5C23A88-5517-49C3-9CFD-1A0C17648A66}.Debug|Any CPU.Build.0 = Debug|Any CPU
		{F5C23A88-5517-49C3-9CFD-1A0C17648A66}.Release|Any CPU.ActiveCfg = Release|Any CPU
		{F5C23A88-5517-49C3-9CFD-1A0C17648A66}.Release|Any CPU.Build.0 = Release|Any CPU
		{7AE15C8C-7D15-44BD-8C2E-5C7121B6D45F}.Debug|Any CPU.ActiveCfg = Debug|Any CPU
		{7AE15C8C-7D15-44BD-8C2E-5C7121B6D45F}.Debug|Any CPU.Build.0 = Debug|Any CPU
		{7AE15C8C-7D15-44BD-8C2E-5C7121B6D45F}.Release|Any CPU.ActiveCfg = Release|Any CPU
		{7AE15C8C-7D15-44BD-8C2E-5C7121B6D45F}.Release|Any CPU.Build.0 = Release|Any CPU
	EndGlobalSection
	GlobalSection(SolutionProperties) = preSolution
		HideSolutionNode = FALSE
	EndGlobalSection
	GlobalSection(ExtensibilityGlobals) = postSolution
		SolutionGuid = {7715C59D-075F-410A-BE8B-A7D270D43B7F}
	EndGlobalSection
EndGlobal
